
Microsoft Visual Studio Solution File, Format Version 12.00
# Visual Studio Version 17
VisualStudioVersion = 17.6.33829.357
MinimumVisualStudioVersion = 10.0.40219.1
Project("{9A19103F-16F7-4668-BE54-9A1E7A4F7556}") = "MVCCore", "MVCCore\MVCCore.csproj", "{CBC6DE29-AE82-4DC3-A8B7-2972E55CE437}"
EndProject
Project("{2150E333-8FDC-42A3-9474-1A3956D46DE8}") = "docker-compose", "docker-compose", "{D2C50522-47BA-409A-A306-83D8CFCC6A88}"
	ProjectSection(SolutionItems) = preProject
		docker-compose.ci.build.yml = docker-compose.ci.build.yml
		docker-compose.yml = docker-compose.yml
	EndProjectSection
EndProject
Global
	GlobalSection(SolutionConfigurationPlatforms) = preSolution
		Debug|Any CPU = Debug|Any CPU
		Release|Any CPU = Release|Any CPU
	EndGlobalSection
	GlobalSection(ProjectConfigurationPlatforms) = postSolution
		{CBC6DE29-AE82-4DC3-A8B7-2972E55CE437}.Debug|Any CPU.ActiveCfg = Debug|Any CPU
		{CBC6DE29-AE82-4DC3-A8B7-2972E55CE437}.Debug|Any CPU.Build.0 = Debug|Any CPU
		{CBC6DE29-AE82-4DC3-A8B7-2972E55CE437}.Release|Any CPU.ActiveCfg = Release|Any CPU
		{CBC6DE29-AE82-4DC3-A8B7-2972E55CE437}.Release|Any CPU.Build.0 = Release|Any CPU
	EndGlobalSection
	GlobalSection(SolutionProperties) = preSolution
		HideSolutionNode = FALSE
	EndGlobalSection
	GlobalSection(ExtensibilityGlobals) = postSolution
		SolutionGuid = {5C9C3A3E-53F2-498B-B9BE-ADCB964AAFDB}
	EndGlobalSection
EndGlobal
